# THIS IS AN AUTOGENERATED FILE. DO NOT EDIT THIS FILE DIRECTLY.
# yarn lockfile v1


apollo-datasource-rest@^3.3.0:
  version "3.3.0"
  resolved "https://registry.yarnpkg.com/apollo-datasource-rest/-/apollo-datasource-rest-3.3.0.tgz#76f82a531121512d4b9d5fcb060eed1bfee76207"
  integrity sha512-ewn1dUG9PjQJtj9kB6mxtLMIQRGiAiEqPFMgymGOKLUVXkmzXRwCacuIw4MT2MVFmdIpa9M135jzi0hRsprrBQ==
  dependencies:
    apollo-datasource "^3.2.0"
    apollo-server-caching "^3.2.0"
    apollo-server-env "^4.1.0"
    apollo-server-errors "^3.2.0"
    http-cache-semantics "^4.1.0"

apollo-datasource@^3.2.0:
  version "3.2.0"
  resolved "https://registry.yarnpkg.com/apollo-datasource/-/apollo-datasource-3.2.0.tgz#fe2fbaae7be0ee10deafa5c3f31732e368a564a1"
  integrity sha512-2PK+p6dRFuQQM8F4JbBivGetnJxvb8ggQkY7XLeCSl4qVkBeBjX+mRtsiudk28NUTH3JEll7AgmKj2fHfxYpGQ==
  dependencies:
    apollo-server-caching "^3.2.0"
    apollo-server-env "^4.1.0"

apollo-server-caching@^3.2.0:
  version "3.2.0"
  resolved "https://registry.yarnpkg.com/apollo-server-caching/-/apollo-server-caching-3.2.0.tgz#368bc3288cfc2dab8de900d045dbd66cf457f3f3"
  integrity sha512-kR92WjoQVe1Z/EXyh365w6Vz8egkRCKmd3mE7KJvKgk+f0+AGO1LPPrez5IhbCXxAgChqzpHhq2FIyfOqEuLFQ==
  dependencies:
    lru-cache "^6.0.0"

apollo-server-env@^4.1.0:
  version "4.1.0"
  resolved "https://registry.yarnpkg.com/apollo-server-env/-/apollo-server-env-4.1.0.tgz#20b69216d87b4e73166b28d2675e72823655fe75"
  integrity sha512-pJIqIN7UXYDHcNY/IRi7H9AvdV+aHi96gv/nPmnLsP/LbWMJvMuQY3jQ2obW0P+rO3bx05oYHLsVjwHHaXlEQA==
  dependencies:
    node-fetch "^2.6.1"

apollo-server-errors@^3.2.0:
  version "3.2.0"
  resolved "https://registry.yarnpkg.com/apollo-server-errors/-/apollo-server-errors-3.2.0.tgz#6c5051107b073c09bb55c2554878af0e97d59d08"
  integrity sha512-Y7YH3JVAaR1199ao4dae3j1UrF9D/6AJwHpsORTjI3BvrwjU1X7Nk1VvEHn9bZfZF6ONaqUM+uCLm5c8GPhffQ==

http-cache-semantics@^4.1.0:
  version "4.1.0"
  resolved "https://registry.yarnpkg.com/http-cache-semantics/-/http-cache-semantics-4.1.0.tgz#49e91c5cbf36c9b94bcfcd71c23d5249ec74e390"
  integrity sha512-carPklcUh7ROWRK7Cv27RPtdhYhUsela/ue5/jKzjegVvXDqM2ILE9Q2BGn9JZJh1g87cp56su/FgQSzcWS8cQ==

lru-cache@^6.0.0:
  version "6.0.0"
  resolved "https://registry.yarnpkg.com/lru-cache/-/lru-cache-6.0.0.tgz#6d6fe6570ebd96aaf90fcad1dafa3b2566db3a94"
  integrity sha512-Jo6dJ04CmSjuznwJSS3pUeWmd/H0ffTlkXXgwZi+eq1UCmqQwCh+eLsYOYCwY991i2Fah4h1BEMCx4qThGbsiA==
  dependencies:
    yallist "^4.0.0"

node-fetch@^2.6.1:
  version "2.6.5"
  resolved "https://registry.yarnpkg.com/node-fetch/-/node-fetch-2.6.5.tgz#42735537d7f080a7e5f78b6c549b7146be1742fd"
  integrity sha512-mmlIVHJEu5rnIxgEgez6b9GgWXbkZj5YZ7fx+2r94a2E+Uirsp6HsPTPlomfdHtpt/B0cdKviwkoaM6pyvUOpQ==
  dependencies:
    whatwg-url "^5.0.0"

tr46@~0.0.3:
  version "0.0.3"
  resolved "https://registry.yarnpkg.com/tr46/-/tr46-0.0.3.tgz#8184fd347dac9cdc185992f3a6622e14b9d9ab6a"
  integrity sha1-gYT9NH2snNwYWZLzpmIuFLnZq2o=

webidl-conversions@^3.0.0:
  version "3.0.1"
  resolved "https://registry.yarnpkg.com/webidl-conversions/-/webidl-conversions-3.0.1.tgz#24534275e2a7bc6be7bc86611cc16ae0a5654871"
  integrity sha1-JFNCdeKnvGvnvIZhHMFq4KVlSHE=

whatwg-url@^5.0.0:
  version "5.0.0"
  resolved "https://registry.yarnpkg.com/whatwg-url/-/whatwg-url-5.0.0.tgz#966454e8765462e37644d3626f6742ce8b70965d"
  integrity sha1-lmRU6HZUYuN2RNNib2dCzotwll0=
  dependencies:
    tr46 "~0.0.3"
    webidl-conversions "^3.0.0"

yallist@^4.0.0:
  version "4.0.0"
  resolved "https://registry.yarnpkg.com/yallist/-/yallist-4.0.0.tgz#9bb92790d9c0effec63be73519e11a35019a3a72"
  integrity sha512-3wdGidZyq5PB084XLES5TpOSRA3wjXAlIWMhum2kRcv/41Sn2emQ0dycQW4uZXLejwKvg6EsvbdlVL+FYEct7A==
